// !$*UTF8*$!
{
	archiveVersion = 1;
	classes = {
	};
	objectVersion = 55;
	objects = {

/* Begin PBXBuildFile section */
		54B3F8D1B6DA9DD9D2864E35 /* Pods_SDKGCommonUtils.framework in Frameworks */ = {isa = PBXBuildFile; fileRef = 95CC091FA30765D1C1BF0BBC /* Pods_SDKGCommonUtils.framework */; };
		70B91B9F27CB2AD7009909F2 /* Date+Extension.swift in Sources */ = {isa = PBXBuildFile; fileRef = 70B91B9E27CB2AD7009909F2 /* Date+Extension.swift */; };
		70E39C2327CA952A006CF292 /* SDKGCommonUtils.h in Headers */ = {isa = PBXBuildFile; fileRef = 70E39C2227CA952A006CF292 /* SDKGCommonUtils.h */; settings = {ATTRIBUTES = (Public, ); }; };
		70E39C3927CA95F8006CF292 /* GServicesSingleton.swift in Sources */ = {isa = PBXBuildFile; fileRef = 70E39C3727CA95F8006CF292 /* GServicesSingleton.swift */; };
		70E39C3A27CA95F8006CF292 /* GColorSingleton.swift in Sources */ = {isa = PBXBuildFile; fileRef = 70E39C3827CA95F8006CF292 /* GColorSingleton.swift */; };
		70E39C5427CA968E006CF292 /* UIStackView+Extension.swift in Sources */ = {isa = PBXBuildFile; fileRef = 70E39C4F27CA968E006CF292 /* UIStackView+Extension.swift */; };
		70E39C5527CA968E006CF292 /* String+Extension.swift in Sources */ = {isa = PBXBuildFile; fileRef = 70E39C5027CA968E006CF292 /* String+Extension.swift */; };
		70E39C5627CA968E006CF292 /* UIView+Extension.swift in Sources */ = {isa = PBXBuildFile; fileRef = 70E39C5127CA968E006CF292 /* UIView+Extension.swift */; };
		70E39C5727CA968E006CF292 /* UINavigationController+Extension.swift in Sources */ = {isa = PBXBuildFile; fileRef = 70E39C5227CA968E006CF292 /* UINavigationController+Extension.swift */; };
		70E39C5827CA968E006CF292 /* UIApplication+Extension.swift in Sources */ = {isa = PBXBuildFile; fileRef = 70E39C5327CA968E006CF292 /* UIApplication+Extension.swift */; };
		70E39C5B27CA96AF006CF292 /* GLoader.swift in Sources */ = {isa = PBXBuildFile; fileRef = 70E39C5A27CA96AF006CF292 /* GLoader.swift */; };
		70E39C6727CA97C3006CF292 /* GShimmer.swift in Sources */ = {isa = PBXBuildFile; fileRef = 70E39C6427CA97C3006CF292 /* GShimmer.swift */; };
		70E39C6827CA97C3006CF292 /* GCircleProgress.swift in Sources */ = {isa = PBXBuildFile; fileRef = 70E39C6527CA97C3006CF292 /* GCircleProgress.swift */; };
		70E39C6927CA97C3006CF292 /* GNavigationBar.swift in Sources */ = {isa = PBXBuildFile; fileRef = 70E39C6627CA97C3006CF292 /* GNavigationBar.swift */; };
		70E39C6B27CA9812006CF292 /* UIImageView+Extension.swift in Sources */ = {isa = PBXBuildFile; fileRef = 70E39C6A27CA9812006CF292 /* UIImageView+Extension.swift */; };
		70E39C6D27CA9861006CF292 /* Bundle+Extension.swift in Sources */ = {isa = PBXBuildFile; fileRef = 70E39C6C27CA9861006CF292 /* Bundle+Extension.swift */; };
		70E39C7E27CA9935006CF292 /* GImageCache.swift in Sources */ = {isa = PBXBuildFile; fileRef = 70E39C7D27CA9935006CF292 /* GImageCache.swift */; };
		70E39CB827CAB1F0006CF292 /* Assets.xcassets in Resources */ = {isa = PBXBuildFile; fileRef = 70E39CB727CAB1F0006CF292 /* Assets.xcassets */; };
		70E39CDB27CAD19A006CF292 /* ViewController+Extension.swift in Sources */ = {isa = PBXBuildFile; fileRef = 70E39CDA27CAD19A006CF292 /* ViewController+Extension.swift */; };
/* End PBXBuildFile section */

/* Begin PBXFileReference section */
		26358FF9E8E6F8C99AC0FF67 /* Pods-SDKGCommonUtils.debug.xcconfig */ = {isa = PBXFileReference; includeInIndex = 1; lastKnownFileType = text.xcconfig; name = "Pods-SDKGCommonUtils.debug.xcconfig"; path = "Target Support Files/Pods-SDKGCommonUtils/Pods-SDKGCommonUtils.debug.xcconfig"; sourceTree = "<group>"; };
		5EE62FF4A9670B836A571731 /* Pods-SDKGCommonUtils.release.xcconfig */ = {isa = PBXFileReference; includeInIndex = 1; lastKnownFileType = text.xcconfig; name = "Pods-SDKGCommonUtils.release.xcconfig"; path = "Target Support Files/Pods-SDKGCommonUtils/Pods-SDKGCommonUtils.release.xcconfig"; sourceTree = "<group>"; };
		70B91B9E27CB2AD7009909F2 /* Date+Extension.swift */ = {isa = PBXFileReference; lastKnownFileType = sourcecode.swift; path = "Date+Extension.swift"; sourceTree = "<group>"; };
		70E39C1F27CA952A006CF292 /* SDKGCommonUtils.framework */ = {isa = PBXFileReference; explicitFileType = wrapper.framework; includeInIndex = 0; path = SDKGCommonUtils.framework; sourceTree = BUILT_PRODUCTS_DIR; };
		70E39C2227CA952A006CF292 /* SDKGCommonUtils.h */ = {isa = PBXFileReference; lastKnownFileType = sourcecode.c.h; path = SDKGCommonUtils.h; sourceTree = "<group>"; };
		70E39C3727CA95F8006CF292 /* GServicesSingleton.swift */ = {isa = PBXFileReference; fileEncoding = 4; lastKnownFileType = sourcecode.swift; path = GServicesSingleton.swift; sourceTree = "<group>"; };
		70E39C3827CA95F8006CF292 /* GColorSingleton.swift */ = {isa = PBXFileReference; fileEncoding = 4; lastKnownFileType = sourcecode.swift; path = GColorSingleton.swift; sourceTree = "<group>"; };
		70E39C4F27CA968E006CF292 /* UIStackView+Extension.swift */ = {isa = PBXFileReference; fileEncoding = 4; lastKnownFileType = sourcecode.swift; path = "UIStackView+Extension.swift"; sourceTree = "<group>"; };
		70E39C5027CA968E006CF292 /* String+Extension.swift */ = {isa = PBXFileReference; fileEncoding = 4; lastKnownFileType = sourcecode.swift; path = "String+Extension.swift"; sourceTree = "<group>"; };
		70E39C5127CA968E006CF292 /* UIView+Extension.swift */ = {isa = PBXFileReference; fileEncoding = 4; lastKnownFileType = sourcecode.swift; path = "UIView+Extension.swift"; sourceTree = "<group>"; };
		70E39C5227CA968E006CF292 /* UINavigationController+Extension.swift */ = {isa = PBXFileReference; fileEncoding = 4; lastKnownFileType = sourcecode.swift; path = "UINavigationController+Extension.swift"; sourceTree = "<group>"; };
		70E39C5327CA968E006CF292 /* UIApplication+Extension.swift */ = {isa = PBXFileReference; fileEncoding = 4; lastKnownFileType = sourcecode.swift; path = "UIApplication+Extension.swift"; sourceTree = "<group>"; };
		70E39C5A27CA96AF006CF292 /* GLoader.swift */ = {isa = PBXFileReference; fileEncoding = 4; lastKnownFileType = sourcecode.swift; path = GLoader.swift; sourceTree = "<group>"; };
		70E39C6427CA97C3006CF292 /* GShimmer.swift */ = {isa = PBXFileReference; fileEncoding = 4; lastKnownFileType = sourcecode.swift; path = GShimmer.swift; sourceTree = "<group>"; };
		70E39C6527CA97C3006CF292 /* GCircleProgress.swift */ = {isa = PBXFileReference; fileEncoding = 4; lastKnownFileType = sourcecode.swift; path = GCircleProgress.swift; sourceTree = "<group>"; };
		70E39C6627CA97C3006CF292 /* GNavigationBar.swift */ = {isa = PBXFileReference; fileEncoding = 4; lastKnownFileType = sourcecode.swift; path = GNavigationBar.swift; sourceTree = "<group>"; };
		70E39C6A27CA9812006CF292 /* UIImageView+Extension.swift */ = {isa = PBXFileReference; fileEncoding = 4; lastKnownFileType = sourcecode.swift; path = "UIImageView+Extension.swift"; sourceTree = "<group>"; };
		70E39C6C27CA9861006CF292 /* Bundle+Extension.swift */ = {isa = PBXFileReference; fileEncoding = 4; lastKnownFileType = sourcecode.swift; path = "Bundle+Extension.swift"; sourceTree = "<group>"; };
		70E39C7D27CA9935006CF292 /* GImageCache.swift */ = {isa = PBXFileReference; fileEncoding = 4; lastKnownFileType = sourcecode.swift; path = GImageCache.swift; sourceTree = "<group>"; };
		70E39CB727CAB1F0006CF292 /* Assets.xcassets */ = {isa = PBXFileReference; lastKnownFileType = folder.assetcatalog; path = Assets.xcassets; sourceTree = "<group>"; };
		70E39CDA27CAD19A006CF292 /* ViewController+Extension.swift */ = {isa = PBXFileReference; fileEncoding = 4; lastKnownFileType = sourcecode.swift; path = "ViewController+Extension.swift"; sourceTree = "<group>"; };
		95CC091FA30765D1C1BF0BBC /* Pods_SDKGCommonUtils.framework */ = {isa = PBXFileReference; explicitFileType = wrapper.framework; includeInIndex = 0; path = Pods_SDKGCommonUtils.framework; sourceTree = BUILT_PRODUCTS_DIR; };
/* End PBXFileReference section */

/* Begin PBXFrameworksBuildPhase section */
		70E39C1C27CA952A006CF292 /* Frameworks */ = {
			isa = PBXFrameworksBuildPhase;
			buildActionMask = 2147483647;
			files = (
				54B3F8D1B6DA9DD9D2864E35 /* Pods_SDKGCommonUtils.framework in Frameworks */,
			);
			runOnlyForDeploymentPostprocessing = 0;
		};
/* End PBXFrameworksBuildPhase section */

/* Begin PBXGroup section */
		2FCBA0D19CDE844318674F44 /* Pods */ = {
			isa = PBXGroup;
			children = (
				26358FF9E8E6F8C99AC0FF67 /* Pods-SDKGCommonUtils.debug.xcconfig */,
				5EE62FF4A9670B836A571731 /* Pods-SDKGCommonUtils.release.xcconfig */,
			);
			name = Pods;
			path = ../Pods;
			sourceTree = "<group>";
		};
		70E39C1527CA952A006CF292 = {
			isa = PBXGroup;
			children = (
				70E39C2127CA952A006CF292 /* SDKGCommonUtils */,
				70E39C2027CA952A006CF292 /* Products */,
				2FCBA0D19CDE844318674F44 /* Pods */,
				C684E0F77C7AEEBF76E9C41E /* Frameworks */,
			);
			sourceTree = "<group>";
		};
		70E39C2027CA952A006CF292 /* Products */ = {
			isa = PBXGroup;
			children = (
				70E39C1F27CA952A006CF292 /* SDKGCommonUtils.framework */,
			);
			name = Products;
			sourceTree = "<group>";
		};
		70E39C2127CA952A006CF292 /* SDKGCommonUtils */ = {
			isa = PBXGroup;
			children = (
				70E39C7C27CA9929006CF292 /* HelperClass */,
				70E39C5927CA969D006CF292 /* UIComponent */,
				70E39C3C27CA9665006CF292 /* Extension */,
				70E39C3B27CA9626006CF292 /* Singleton */,
				70E39C2227CA952A006CF292 /* SDKGCommonUtils.h */,
				70E39CB727CAB1F0006CF292 /* Assets.xcassets */,
			);
			path = SDKGCommonUtils;
			sourceTree = "<group>";
		};
		70E39C3B27CA9626006CF292 /* Singleton */ = {
			isa = PBXGroup;
			children = (
				70E39C3827CA95F8006CF292 /* GColorSingleton.swift */,
				70E39C3727CA95F8006CF292 /* GServicesSingleton.swift */,
			);
			path = Singleton;
			sourceTree = "<group>";
		};
		70E39C3C27CA9665006CF292 /* Extension */ = {
			isa = PBXGroup;
			children = (
				70E39CDA27CAD19A006CF292 /* ViewController+Extension.swift */,
				70E39C6C27CA9861006CF292 /* Bundle+Extension.swift */,
				70E39C5027CA968E006CF292 /* String+Extension.swift */,
				70E39C5327CA968E006CF292 /* UIApplication+Extension.swift */,
				70E39C5227CA968E006CF292 /* UINavigationController+Extension.swift */,
				70E39C4F27CA968E006CF292 /* UIStackView+Extension.swift */,
				70E39C5127CA968E006CF292 /* UIView+Extension.swift */,
				70E39C6A27CA9812006CF292 /* UIImageView+Extension.swift */,
				70B91B9E27CB2AD7009909F2 /* Date+Extension.swift */,
			);
			path = Extension;
			sourceTree = "<group>";
		};
		70E39C5927CA969D006CF292 /* UIComponent */ = {
			isa = PBXGroup;
			children = (
				70E39C6527CA97C3006CF292 /* GCircleProgress.swift */,
				70E39C6627CA97C3006CF292 /* GNavigationBar.swift */,
				70E39C6427CA97C3006CF292 /* GShimmer.swift */,
				70E39C5A27CA96AF006CF292 /* GLoader.swift */,
			);
			path = UIComponent;
			sourceTree = "<group>";
		};
		70E39C7C27CA9929006CF292 /* HelperClass */ = {
			isa = PBXGroup;
			children = (
				70E39C7D27CA9935006CF292 /* GImageCache.swift */,
			);
			path = HelperClass;
			sourceTree = "<group>";
		};
		C684E0F77C7AEEBF76E9C41E /* Frameworks */ = {
			isa = PBXGroup;
			children = (
				95CC091FA30765D1C1BF0BBC /* Pods_SDKGCommonUtils.framework */,
			);
			name = Frameworks;
			sourceTree = "<group>";
		};
/* End PBXGroup section */

/* Begin PBXHeadersBuildPhase section */
		70E39C1A27CA952A006CF292 /* Headers */ = {
			isa = PBXHeadersBuildPhase;
			buildActionMask = 2147483647;
			files = (
				70E39C2327CA952A006CF292 /* SDKGCommonUtils.h in Headers */,
			);
			runOnlyForDeploymentPostprocessing = 0;
		};
/* End PBXHeadersBuildPhase section */

/* Begin PBXNativeTarget section */
		70E39C1E27CA952A006CF292 /* SDKGCommonUtils */ = {
			isa = PBXNativeTarget;
			buildConfigurationList = 70E39C2627CA952A006CF292 /* Build configuration list for PBXNativeTarget "SDKGCommonUtils" */;
			buildPhases = (
				CE5673FAF608CFCA19D19B2A /* [CP] Check Pods Manifest.lock */,
				70E39C1A27CA952A006CF292 /* Headers */,
				70E39C1B27CA952A006CF292 /* Sources */,
				70E39C1C27CA952A006CF292 /* Frameworks */,
				70E39C1D27CA952A006CF292 /* Resources */,
			);
			buildRules = (
			);
			dependencies = (
			);
			name = SDKGCommonUtils;
			productName = SDKGCommonUtils;
			productReference = 70E39C1F27CA952A006CF292 /* SDKGCommonUtils.framework */;
			productType = "com.apple.product-type.framework";
		};
/* End PBXNativeTarget section */

/* Begin PBXProject section */
		70E39C1627CA952A006CF292 /* Project object */ = {
			isa = PBXProject;
			attributes = {
				BuildIndependentTargetsInParallel = 1;
				LastUpgradeCheck = 1320;
				TargetAttributes = {
					70E39C1E27CA952A006CF292 = {
						CreatedOnToolsVersion = 13.2.1;
						LastSwiftMigration = 1320;
					};
				};
			};
			buildConfigurationList = 70E39C1927CA952A006CF292 /* Build configuration list for PBXProject "SDKGCommonUtils" */;
			compatibilityVersion = "Xcode 13.0";
			developmentRegion = en;
			hasScannedForEncodings = 0;
			knownRegions = (
				en,
				Base,
			);
			mainGroup = 70E39C1527CA952A006CF292;
			productRefGroup = 70E39C2027CA952A006CF292 /* Products */;
			projectDirPath = "";
			projectRoot = "";
			targets = (
				70E39C1E27CA952A006CF292 /* SDKGCommonUtils */,
			);
		};
/* End PBXProject section */

/* Begin PBXResourcesBuildPhase section */
		70E39C1D27CA952A006CF292 /* Resources */ = {
			isa = PBXResourcesBuildPhase;
			buildActionMask = 2147483647;
			files = (
				70E39CB827CAB1F0006CF292 /* Assets.xcassets in Resources */,
			);
			runOnlyForDeploymentPostprocessing = 0;
		};
/* End PBXResourcesBuildPhase section */

/* Begin PBXShellScriptBuildPhase section */
		CE5673FAF608CFCA19D19B2A /* [CP] Check Pods Manifest.lock */ = {
			isa = PBXShellScriptBuildPhase;
			buildActionMask = 2147483647;
			files = (
			);
			inputFileListPaths = (
			);
			inputPaths = (
				"${PODS_PODFILE_DIR_PATH}/Podfile.lock",
				"${PODS_ROOT}/Manifest.lock",
			);
			name = "[CP] Check Pods Manifest.lock";
			outputFileListPaths = (
			);
			outputPaths = (
				"$(DERIVED_FILE_DIR)/Pods-SDKGCommonUtils-checkManifestLockResult.txt",
			);
			runOnlyForDeploymentPostprocessing = 0;
			shellPath = /bin/sh;
			shellScript = "diff \"${PODS_PODFILE_DIR_PATH}/Podfile.lock\" \"${PODS_ROOT}/Manifest.lock\" > /dev/null\nif [ $? != 0 ] ; then\n    # print error to STDERR\n    echo \"error: The sandbox is not in sync with the Podfile.lock. Run 'pod install' or update your CocoaPods installation.\" >&2\n    exit 1\nfi\n# This output is used by Xcode 'outputs' to avoid re-running this script phase.\necho \"SUCCESS\" > \"${SCRIPT_OUTPUT_FILE_0}\"\n";
			showEnvVarsInLog = 0;
		};
/* End PBXShellScriptBuildPhase section */

/* Begin PBXSourcesBuildPhase section */
		70E39C1B27CA952A006CF292 /* Sources */ = {
			isa = PBXSourcesBuildPhase;
			buildActionMask = 2147483647;
			files = (
				70E39C5527CA968E006CF292 /* String+Extension.swift in Sources */,
				70E39C3927CA95F8006CF292 /* GServicesSingleton.swift in Sources */,
				70E39C6727CA97C3006CF292 /* GShimmer.swift in Sources */,
				70E39C6D27CA9861006CF292 /* Bundle+Extension.swift in Sources */,
				70E39C6927CA97C3006CF292 /* GNavigationBar.swift in Sources */,
				70B91B9F27CB2AD7009909F2 /* Date+Extension.swift in Sources */,
				70E39C5B27CA96AF006CF292 /* GLoader.swift in Sources */,
				70E39C3A27CA95F8006CF292 /* GColorSingleton.swift in Sources */,
				70E39C6B27CA9812006CF292 /* UIImageView+Extension.swift in Sources */,
				70E39CDB27CAD19A006CF292 /* ViewController+Extension.swift in Sources */,
				70E39C5627CA968E006CF292 /* UIView+Extension.swift in Sources */,
				70E39C5427CA968E006CF292 /* UIStackView+Extension.swift in Sources */,
				70E39C5727CA968E006CF292 /* UINavigationController+Extension.swift in Sources */,
				70E39C7E27CA9935006CF292 /* GImageCache.swift in Sources */,
				70E39C5827CA968E006CF292 /* UIApplication+Extension.swift in Sources */,
				70E39C6827CA97C3006CF292 /* GCircleProgress.swift in Sources */,
			);
			runOnlyForDeploymentPostprocessing = 0;
		};
/* End PBXSourcesBuildPhase section */

/* Begin XCBuildConfiguration section */
		70E39C2427CA952A006CF292 /* Debug */ = {
			isa = XCBuildConfiguration;
			buildSettings = {
				ALWAYS_SEARCH_USER_PATHS = NO;
				CLANG_ANALYZER_NONNULL = YES;
				CLANG_ANALYZER_NUMBER_OBJECT_CONVERSION = YES_AGGRESSIVE;
				CLANG_CXX_LANGUAGE_STANDARD = "gnu++17";
				CLANG_CXX_LIBRARY = "libc++";
				CLANG_ENABLE_MODULES = YES;
				CLANG_ENABLE_OBJC_ARC = YES;
				CLANG_ENABLE_OBJC_WEAK = YES;
				CLANG_WARN_BLOCK_CAPTURE_AUTORELEASING = YES;
				CLANG_WARN_BOOL_CONVERSION = YES;
				CLANG_WARN_COMMA = YES;
				CLANG_WARN_CONSTANT_CONVERSION = YES;
				CLANG_WARN_DEPRECATED_OBJC_IMPLEMENTATIONS = YES;
				CLANG_WARN_DIRECT_OBJC_ISA_USAGE = YES_ERROR;
				CLANG_WARN_DOCUMENTATION_COMMENTS = YES;
				CLANG_WARN_EMPTY_BODY = YES;
				CLANG_WARN_ENUM_CONVERSION = YES;
				CLANG_WARN_INFINITE_RECURSION = YES;
				CLANG_WARN_INT_CONVERSION = YES;
				CLANG_WARN_NON_LITERAL_NULL_CONVERSION = YES;
				CLANG_WARN_OBJC_IMPLICIT_RETAIN_SELF = YES;
				CLANG_WARN_OBJC_LITERAL_CONVERSION = YES;
				CLANG_WARN_OBJC_ROOT_CLASS = YES_ERROR;
				CLANG_WARN_QUOTED_INCLUDE_IN_FRAMEWORK_HEADER = YES;
				CLANG_WARN_RANGE_LOOP_ANALYSIS = YES;
				CLANG_WARN_STRICT_PROTOTYPES = YES;
				CLANG_WARN_SUSPICIOUS_MOVE = YES;
				CLANG_WARN_UNGUARDED_AVAILABILITY = YES_AGGRESSIVE;
				CLANG_WARN_UNREACHABLE_CODE = YES;
				CLANG_WARN__DUPLICATE_METHOD_MATCH = YES;
				COPY_PHASE_STRIP = NO;
				CURRENT_PROJECT_VERSION = 1;
				DEBUG_INFORMATION_FORMAT = dwarf;
				ENABLE_STRICT_OBJC_MSGSEND = YES;
				ENABLE_TESTABILITY = YES;
				GCC_C_LANGUAGE_STANDARD = gnu11;
				GCC_DYNAMIC_NO_PIC = NO;
				GCC_NO_COMMON_BLOCKS = YES;
				GCC_OPTIMIZATION_LEVEL = 0;
				GCC_PREPROCESSOR_DEFINITIONS = (
					"DEBUG=1",
					"$(inherited)",
				);
				GCC_WARN_64_TO_32_BIT_CONVERSION = YES;
				GCC_WARN_ABOUT_RETURN_TYPE = YES_ERROR;
				GCC_WARN_UNDECLARED_SELECTOR = YES;
				GCC_WARN_UNINITIALIZED_AUTOS = YES_AGGRESSIVE;
				GCC_WARN_UNUSED_FUNCTION = YES;
				GCC_WARN_UNUSED_VARIABLE = YES;
				IPHONEOS_DEPLOYMENT_TARGET = 11.0;
				MTL_ENABLE_DEBUG_INFO = INCLUDE_SOURCE;
				MTL_FAST_MATH = YES;
				ONLY_ACTIVE_ARCH = YES;
				SDKROOT = iphoneos;
				SWIFT_ACTIVE_COMPILATION_CONDITIONS = DEBUG;
				SWIFT_OPTIMIZATION_LEVEL = "-Onone";
				VERSIONING_SYSTEM = "apple-generic";
				VERSION_INFO_PREFIX = "";
			};
			name = Debug;
		};
		70E39C2527CA952A006CF292 /* Release */ = {
			isa = XCBuildConfiguration;
			buildSettings = {
				ALWAYS_SEARCH_USER_PATHS = NO;
				CLANG_ANALYZER_NONNULL = YES;
				CLANG_ANALYZER_NUMBER_OBJECT_CONVERSION = YES_AGGRESSIVE;
				CLANG_CXX_LANGUAGE_STANDARD = "gnu++17";
				CLANG_CXX_LIBRARY = "libc++";
				CLANG_ENABLE_MODULES = YES;
				CLANG_ENABLE_OBJC_ARC = YES;
				CLANG_ENABLE_OBJC_WEAK = YES;
				CLANG_WARN_BLOCK_CAPTURE_AUTORELEASING = YES;
				CLANG_WARN_BOOL_CONVERSION = YES;
				CLANG_WARN_COMMA = YES;
				CLANG_WARN_CONSTANT_CONVERSION = YES;
				CLANG_WARN_DEPRECATED_OBJC_IMPLEMENTATIONS = YES;
				CLANG_WARN_DIRECT_OBJC_ISA_USAGE = YES_ERROR;
				CLANG_WARN_DOCUMENTATION_COMMENTS = YES;
				CLANG_WARN_EMPTY_BODY = YES;
				CLANG_WARN_ENUM_CONVERSION = YES;
				CLANG_WARN_INFINITE_RECURSION = YES;
				CLANG_WARN_INT_CONVERSION = YES;
				CLANG_WARN_NON_LITERAL_NULL_CONVERSION = YES;
				CLANG_WARN_OBJC_IMPLICIT_RETAIN_SELF = YES;
				CLANG_WARN_OBJC_LITERAL_CONVERSION = YES;
				CLANG_WARN_OBJC_ROOT_CLASS = YES_ERROR;
				CLANG_WARN_QUOTED_INCLUDE_IN_FRAMEWORK_HEADER = YES;
				CLANG_WARN_RANGE_LOOP_ANALYSIS = YES;
				CLANG_WARN_STRICT_PROTOTYPES = YES;
				CLANG_WARN_SUSPICIOUS_MOVE = YES;
				CLANG_WARN_UNGUARDED_AVAILABILITY = YES_AGGRESSIVE;
				CLANG_WARN_UNREACHABLE_CODE = YES;
				CLANG_WARN__DUPLICATE_METHOD_MATCH = YES;
				COPY_PHASE_STRIP = NO;
				CURRENT_PROJECT_VERSION = 1;
				DEBUG_INFORMATION_FORMAT = "dwarf-with-dsym";
				ENABLE_NS_ASSERTIONS = NO;
				ENABLE_STRICT_OBJC_MSGSEND = YES;
				GCC_C_LANGUAGE_STANDARD = gnu11;
				GCC_NO_COMMON_BLOCKS = YES;
				GCC_WARN_64_TO_32_BIT_CONVERSION = YES;
				GCC_WARN_ABOUT_RETURN_TYPE = YES_ERROR;
				GCC_WARN_UNDECLARED_SELECTOR = YES;
				GCC_WARN_UNINITIALIZED_AUTOS = YES_AGGRESSIVE;
				GCC_WARN_UNUSED_FUNCTION = YES;
				GCC_WARN_UNUSED_VARIABLE = YES;
				IPHONEOS_DEPLOYMENT_TARGET = 11.0;
				MTL_ENABLE_DEBUG_INFO = NO;
				MTL_FAST_MATH = YES;
				SDKROOT = iphoneos;
				SWIFT_COMPILATION_MODE = wholemodule;
				SWIFT_OPTIMIZATION_LEVEL = "-O";
				VALIDATE_PRODUCT = YES;
				VERSIONING_SYSTEM = "apple-generic";
				VERSION_INFO_PREFIX = "";
			};
			name = Release;
		};
		70E39C2727CA952A006CF292 /* Debug */ = {
			isa = XCBuildConfiguration;
			baseConfigurationReference = 26358FF9E8E6F8C99AC0FF67 /* Pods-SDKGCommonUtils.debug.xcconfig */;
			buildSettings = {
				CLANG_ENABLE_MODULES = YES;
				CODE_SIGN_STYLE = Automatic;
				CURRENT_PROJECT_VERSION = 1;
				DEFINES_MODULE = YES;
				DEVELOPMENT_TEAM = K57KMHCC3S;
				DYLIB_COMPATIBILITY_VERSION = 1;
				DYLIB_CURRENT_VERSION = 1;
				DYLIB_INSTALL_NAME_BASE = "@rpath";
				GENERATE_INFOPLIST_FILE = YES;
				INFOPLIST_KEY_NSHumanReadableCopyright = "";
				INSTALL_PATH = "$(LOCAL_LIBRARY_DIR)/Frameworks";
				IPHONEOS_DEPLOYMENT_TARGET = 11.0;
				LD_RUNPATH_SEARCH_PATHS = (
					"$(inherited)",
					"@executable_path/Frameworks",
					"@loader_path/Frameworks",
				);
				MARKETING_VERSION = 1.0;
				PRODUCT_BUNDLE_IDENTIFIER = com.jorge.SDKGCommonUtils;
				PRODUCT_NAME = "$(TARGET_NAME:c99extidentifier)";
				SKIP_INSTALL = YES;
				SUPPORTS_MACCATALYST = NO;
				SWIFT_EMIT_LOC_STRINGS = YES;
				SWIFT_OPTIMIZATION_LEVEL = "-Onone";
				SWIFT_VERSION = 5.0;
				TARGETED_DEVICE_FAMILY = 1;
			};
			name = Debug;
		};
		70E39C2827CA952A006CF292 /* Release */ = {
			isa = XCBuildConfiguration;
			baseConfigurationReference = 5EE62FF4A9670B836A571731 /* Pods-SDKGCommonUtils.release.xcconfig */;
			buildSettings = {
				CLANG_ENABLE_MODULES = YES;
				CODE_SIGN_STYLE = Automatic;
				CURRENT_PROJECT_VERSION = 1;
				DEFINES_MODULE = YES;
				DEVELOPMENT_TEAM = K57KMHCC3S;
				DYLIB_COMPATIBILITY_VERSION = 1;
				DYLIB_CURRENT_VERSION = 1;
				DYLIB_INSTALL_NAME_BASE = "@rpath";
				GENERATE_INFOPLIST_FILE = YES;
				INFOPLIST_KEY_NSHumanReadableCopyright = "";
				INSTALL_PATH = "$(LOCAL_LIBRARY_DIR)/Frameworks";
				IPHONEOS_DEPLOYMENT_TARGET = 11.0;
				LD_RUNPATH_SEARCH_PATHS = (
					"$(inherited)",
					"@executable_path/Frameworks",
					"@loader_path/Frameworks",
				);
				MARKETING_VERSION = 1.0;
				PRODUCT_BUNDLE_IDENTIFIER = com.jorge.SDKGCommonUtils;
				PRODUCT_NAME = "$(TARGET_NAME:c99extidentifier)";
				SKIP_INSTALL = YES;
				SUPPORTS_MACCATALYST = NO;
				SWIFT_EMIT_LOC_STRINGS = YES;
				SWIFT_VERSION = 5.0;
				TARGETED_DEVICE_FAMILY = 1;
			};
			name = Release;
		};
/* End XCBuildConfiguration section */

/* Begin XCConfigurationList section */
		70E39C1927CA952A006CF292 /* Build configuration list for PBXProject "SDKGCommonUtils" */ = {
			isa = XCConfigurationList;
			buildConfigurations = (
				70E39C2427CA952A006CF292 /* Debug */,
				70E39C2527CA952A006CF292 /* Release */,
			);
			defaultConfigurationIsVisible = 0;
			defaultConfigurationName = Release;
		};
		70E39C2627CA952A006CF292 /* Build configuration list for PBXNativeTarget "SDKGCommonUtils" */ = {
			isa = XCConfigurationList;
			buildConfigurations = (
				70E39C2727CA952A006CF292 /* Debug */,
				70E39C2827CA952A006CF292 /* Release */,
			);
			defaultConfigurationIsVisible = 0;
			defaultConfigurationName = Release;
		};
/* End XCConfigurationList section */
	};
	rootObject = 70E39C1627CA952A006CF292 /* Project object */;
}
